# This file was autogenerated by uv via the following command:
#    uv --no-config pip compile pyproject.toml --extra eval-worker --python-version 3.12 --python-platform linux --extra-index-url https://download.pytorch.org/whl/cpu -o infra/docker/eval-worker/requirements-eval-worker.lock
#
# TODO: regenerate this lock file after pyproject.toml changes.
# The packages below are a bootstrapping placeholder; run the uv command above
# to produce a fully-resolved, reproducible lock file.
bert-score>=0.3.13
rouge-score>=0.1.2
celery>=5.3.0
datasets>=4.4.2
numpy>=1.26
httpx>=0.28.1
psycopg2-binary>=2.9,<3
pydantic>=2.10.0
pydantic-settings>=2.10.1
mlflow-skinny>=3.8.1,<4
torch --index-url https://download.pytorch.org/whl/cpu
