# This file was autogenerated by uv via the following command:
#    uv --no-config pip compile pyproject.toml --extra airflow --torch-backend cpu --python-version 3.12 --python-platform linux -o infra/docker/airflow/requirements.lock
aiobotocore==2.17.0
    # via
    #   agent-042 (pyproject.toml)
    #   dvc-s3
    #   s3fs
aiohappyeyeballs==2.6.1
    # via aiohttp
aiohttp==3.10.11
    # via
    #   agent-042 (pyproject.toml)
    #   aiobotocore
    #   aiohttp-retry
    #   fsspec
    #   s3fs
aiohttp-retry==2.9.1
    # via
    #   dvc-http
    #   scmrepo
aioitertools==0.13.0
    # via aiobotocore
aiosignal==1.4.0
    # via aiohttp
amqp==5.3.1
    # via kombu
annotated-doc==0.0.4
    # via typer
annotated-types==0.7.0
    # via pydantic
antlr4-python3-runtime==4.9.3
    # via
    #   hydra-core
    #   omegaconf
anyio==4.12.1
    # via httpx
appdirs==1.4.4
    # via iterative-telemetry
arxiv==2.4.0
    # via agent-042 (pyproject.toml)
asyncssh==2.22.0
    # via scmrepo
atpublic==7.0.0
    # via flufl-lock
attrs==25.4.0
    # via
    #   aiohttp
    #   dvc
    #   dvc-data
    #   sqltrie
beautifulsoup4==4.14.3
    # via agent-042 (pyproject.toml)
billiard==4.2.4
    # via celery
boto3==1.35.93
    # via agent-042 (pyproject.toml)
botocore==1.35.93
    # via
    #   agent-042 (pyproject.toml)
    #   aiobotocore
    #   boto3
    #   dvc-s3
    #   s3transfer
celery==5.6.2
    # via
    #   dvc
    #   dvc-task
certifi==2026.2.25
    # via
    #   httpcore
    #   httpx
    #   requests
cffi==1.17.1
    # via
    #   agent-042 (pyproject.toml)
    #   cryptography
    #   pygit2
charset-normalizer==3.4.4
    # via requests
click==8.3.1
    # via
    #   celery
    #   click-didyoumean
    #   click-plugins
    #   click-repl
    #   typer
click-didyoumean==0.3.1
    # via celery
click-plugins==1.1.1.2
    # via celery
click-repl==0.3.0
    # via celery
colorama==0.4.6
    # via dvc
configobj==5.0.9
    # via dvc
cryptography==46.0.0
    # via asyncssh
dictdiffer==0.9.0
    # via dvc-data
diskcache==5.6.3
    # via dvc-data
distro==1.9.0
    # via
    #   dvc
    #   iterative-telemetry
dpath==2.2.0
    # via dvc
dulwich==1.1.0
    # via
    #   dvc
    #   dvc-studio-client
    #   scmrepo
dvc==3.66.1
    # via
    #   agent-042 (pyproject.toml)
    #   dvc-s3
dvc-data==3.18.3
    # via dvc
dvc-http==2.32.0
    # via dvc
dvc-objects==5.2.0
    # via
    #   dvc
    #   dvc-data
dvc-render==1.0.2
    # via dvc
dvc-s3==3.3.0
    # via dvc
dvc-studio-client==0.22.0
    # via dvc
dvc-task==0.40.2
    # via dvc
entrypoints==0.4
    # via gto
feedparser==6.0.12
    # via arxiv
filelock==3.24.3
    # via
    #   huggingface-hub
    #   iterative-telemetry
    #   torch
flatten-dict==0.4.2
    # via
    #   dvc
    #   dvc-s3
flufl-lock==9.0.0
    # via dvc
frozenlist==1.8.0
    # via
    #   aiohttp
    #   aiosignal
fsspec==2024.12.0
    # via
    #   dvc
    #   dvc-data
    #   dvc-http
    #   dvc-objects
    #   dvc-s3
    #   huggingface-hub
    #   s3fs
    #   scmrepo
    #   torch
funcy==2.0
    # via
    #   dvc
    #   dvc-s3
    #   dvc-task
    #   gto
gitdb==4.0.12
    # via gitpython
gitpython==3.1.46
    # via scmrepo
grandalf==0.8
    # via dvc
grpcio==1.78.0
    # via qdrant-client
gto==1.9.0
    # via dvc
h11==0.16.0
    # via httpcore
h2==4.3.0
    # via httpx
hf-xet==1.3.2
    # via huggingface-hub
hpack==4.1.0
    # via h2
httpcore==1.0.9
    # via httpx
httpx==0.28.1
    # via
    #   huggingface-hub
    #   langsmith
    #   qdrant-client
huggingface-hub==1.5.0
    # via
    #   sentence-transformers
    #   tokenizers
    #   transformers
hydra-core==1.3.2
    # via dvc
hyperframe==6.1.0
    # via h2
idna==3.11
    # via
    #   anyio
    #   httpx
    #   requests
    #   yarl
iterative-telemetry==0.0.10
    # via dvc
jinja2==3.1.6
    # via torch
jmespath==1.1.0
    # via
    #   aiobotocore
    #   boto3
    #   botocore
joblib==1.5.3
    # via scikit-learn
jsonpatch==1.33
    # via langchain-core
jsonpointer==3.0.0
    # via jsonpatch
kombu==5.6.2
    # via
    #   celery
    #   dvc
    #   dvc-task
langchain-core==1.2.16
    # via langchain-text-splitters
langchain-text-splitters==1.1.1
    # via agent-042 (pyproject.toml)
langsmith==0.7.9
    # via langchain-core
lxml==6.0.2
    # via agent-042 (pyproject.toml)
markdown-it-py==4.0.0
    # via rich
markupsafe==3.0.3
    # via jinja2
mdurl==0.1.2
    # via markdown-it-py
mpmath==1.3.0
    # via sympy
multidict==6.7.1
    # via
    #   aiobotocore
    #   aiohttp
    #   yarl
networkx==3.6.1
    # via
    #   dvc
    #   torch
numpy==1.26.4
    # via
    #   agent-042 (pyproject.toml)
    #   qdrant-client
    #   scikit-learn
    #   scipy
    #   sentence-transformers
    #   transformers
omegaconf==2.3.0
    # via
    #   dvc
    #   hydra-core
orjson==3.11.7
    # via
    #   dvc-data
    #   langsmith
    #   sqltrie
packaging==26.0
    # via
    #   dvc
    #   huggingface-hub
    #   hydra-core
    #   kombu
    #   langchain-core
    #   langsmith
    #   transformers
pathspec==0.12.1
    # via
    #   dvc
    #   scmrepo
platformdirs==4.9.2
    # via dvc
portalocker==3.2.0
    # via qdrant-client
prompt-toolkit==3.0.52
    # via click-repl
propcache==0.4.1
    # via yarl
protobuf==7.34.0
    # via
    #   agent-042 (pyproject.toml)
    #   qdrant-client
psutil==7.2.2
    # via
    #   dvc
    #   flufl-lock
pycparser==3.0
    # via cffi
pydantic==2.12.5
    # via
    #   gto
    #   langchain-core
    #   langsmith
    #   pydantic-settings
    #   qdrant-client
pydantic-core==2.41.5
    # via pydantic
pydantic-settings==2.13.1
    # via gto
pydot==4.0.1
    # via dvc
pygit2==1.18.2
    # via scmrepo
pygments==2.19.2
    # via rich
pygtrie==2.5.0
    # via
    #   dvc
    #   dvc-data
    #   scmrepo
    #   sqltrie
pyparsing==3.3.2
    # via
    #   dvc
    #   grandalf
    #   pydot
python-dateutil==2.9.0.post0
    # via
    #   aiobotocore
    #   botocore
    #   celery
python-dotenv==1.2.1
    # via pydantic-settings
pyyaml==6.0.3
    # via
    #   huggingface-hub
    #   langchain-core
    #   omegaconf
    #   transformers
qdrant-client==1.17.0
    # via agent-042 (pyproject.toml)
regex==2026.2.28
    # via transformers
requests==2.32.5
    # via
    #   agent-042 (pyproject.toml)
    #   arxiv
    #   dvc
    #   dvc-studio-client
    #   iterative-telemetry
    #   langsmith
    #   requests-toolbelt
requests-toolbelt==1.0.0
    # via langsmith
rich==14.3.3
    # via
    #   dvc
    #   gto
    #   typer
ruamel-yaml==0.19.1
    # via
    #   dvc
    #   gto
s3fs==2024.12.0
    # via
    #   agent-042 (pyproject.toml)
    #   dvc-s3
s3transfer==0.10.4
    # via boto3
safetensors==0.7.0
    # via transformers
scikit-learn==1.8.0
    # via sentence-transformers
scipy==1.17.1
    # via
    #   scikit-learn
    #   sentence-transformers
scmrepo==3.6.1
    # via
    #   dvc
    #   gto
semver==3.0.4
    # via gto
sentence-transformers==5.2.3
    # via agent-042 (pyproject.toml)
setuptools==82.0.0
    # via
    #   torch
    #   zc-lockfile
sgmllib3k==1.0.0
    # via feedparser
shellingham==1.5.4
    # via typer
shortuuid==1.0.13
    # via
    #   dvc
    #   dvc-task
shtab==1.8.0
    # via dvc
six==1.17.0
    # via
    #   flatten-dict
    #   python-dateutil
smmap==5.0.2
    # via gitdb
soupsieve==2.8.3
    # via beautifulsoup4
sqltrie==0.11.2
    # via dvc-data
sympy==1.14.0
    # via torch
tabulate==0.9.0
    # via
    #   dvc
    #   gto
tenacity==9.1.4
    # via langchain-core
threadpoolctl==3.6.0
    # via scikit-learn
tokenizers==0.22.2
    # via transformers
tomlkit==0.14.0
    # via dvc
torch==2.10.0+cpu
    # via sentence-transformers
tqdm==4.67.3
    # via
    #   dvc
    #   dvc-data
    #   fsspec
    #   huggingface-hub
    #   scmrepo
    #   sentence-transformers
    #   transformers
transformers==5.2.0
    # via sentence-transformers
typer==0.24.1
    # via
    #   gto
    #   huggingface-hub
    #   typer-slim
typer-slim==0.24.0
    # via transformers
typing-extensions==4.15.0
    # via
    #   aiosignal
    #   anyio
    #   asyncssh
    #   beautifulsoup4
    #   grpcio
    #   huggingface-hub
    #   langchain-core
    #   pydantic
    #   pydantic-core
    #   sentence-transformers
    #   torch
    #   typing-inspection
typing-inspection==0.4.2
    # via
    #   pydantic
    #   pydantic-settings
tzdata==2025.3
    # via kombu
tzlocal==5.3.1
    # via celery
urllib3==2.6.3
    # via
    #   aiobotocore
    #   botocore
    #   dulwich
    #   qdrant-client
    #   requests
uuid-utils==0.14.1
    # via
    #   langchain-core
    #   langsmith
vine==5.1.0
    # via
    #   amqp
    #   celery
    #   kombu
voluptuous==0.16.0
    # via
    #   dvc
    #   dvc-studio-client
wcwidth==0.6.0
    # via prompt-toolkit
wrapt==1.17.3
    # via aiobotocore
xxhash==3.6.0
    # via langsmith
yarl==1.22.0
    # via aiohttp
zc-lockfile==4.0
    # via dvc
zstandard==0.25.0
    # via langsmith
