# This file was autogenerated by uv via the following command:
#    uv --no-config pip compile pyproject.toml --extra airflow --python-version 3.12 --python-platform linux --constraint infra/docker/airflow/airflow-core-constraints.txt -o infra/docker/airflow/requirements.lock
annotated-types==0.7.0
    # via pydantic
fire==0.7.1
    # via agent-042 (pyproject.toml)
pydantic==2.12.5
    # via
    #   agent-042 (pyproject.toml)
    #   pydantic-settings
pydantic-core==2.41.5
    # via pydantic
pydantic-settings==2.13.1
    # via agent-042 (pyproject.toml)
python-dotenv==1.2.2
    # via
    #   agent-042 (pyproject.toml)
    #   pydantic-settings
termcolor==3.3.0
    # via fire
typing-extensions==4.15.0
    # via
    #   pydantic
    #   pydantic-core
    #   typing-inspection
typing-inspection==0.4.2
    # via
    #   pydantic
    #   pydantic-settings
