# This file was autogenerated by uv via the following command:
#    uv --no-config pip compile pyproject.toml --extra gateway --python-version 3.12 --python-platform linux -o infra/docker/gateway/requirements-gateway.lock
amqp==5.3.1
    # via kombu
annotated-doc==0.0.4
    # via fastapi
annotated-types==0.7.0
    # via pydantic
anyio==4.12.1
    # via
    #   httpx
    #   starlette
    #   watchfiles
asyncpg==0.31.0
    # via agent-042 (pyproject.toml)
authlib==1.6.9
    # via agent-042 (pyproject.toml)
billiard==4.2.4
    # via celery
celery==5.6.2
    # via agent-042 (pyproject.toml)
certifi==2026.2.25
    # via
    #   httpcore
    #   httpx
    #   requests
cffi==2.0.0
    # via cryptography
charset-normalizer==3.4.4
    # via requests
click==8.3.1
    # via
    #   celery
    #   click-didyoumean
    #   click-plugins
    #   click-repl
    #   uvicorn
click-didyoumean==0.3.1
    # via celery
click-plugins==1.1.1.2
    # via celery
click-repl==0.3.0
    # via celery
cryptography==46.0.5
    # via authlib
fastapi==0.134.0
    # via agent-042 (pyproject.toml)
fire==0.7.1
    # via agent-042 (pyproject.toml)
greenlet==3.3.2
    # via sqlalchemy
grpcio==1.78.0
    # via qdrant-client
h11==0.16.0
    # via
    #   httpcore
    #   uvicorn
h2==4.3.0
    # via httpx
hpack==4.1.0
    # via h2
httpcore==1.0.9
    # via httpx
httptools==0.7.1
    # via uvicorn
httpx==0.28.1
    # via
    #   agent-042 (pyproject.toml)
    #   langsmith
    #   qdrant-client
hyperframe==6.1.0
    # via h2
idna==3.11
    # via
    #   anyio
    #   httpx
    #   requests
jsonpatch==1.33
    # via langchain-core
jsonpointer==3.0.0
    # via jsonpatch
kombu==5.6.2
    # via celery
langchain-core==1.2.16
    # via langchain-text-splitters
langchain-text-splitters==1.1.1
    # via agent-042 (pyproject.toml)
langsmith==0.7.9
    # via langchain-core
numpy==2.4.2
    # via qdrant-client
orjson==3.11.7
    # via langsmith
packaging==26.0
    # via
    #   kombu
    #   langchain-core
    #   langsmith
portalocker==3.2.0
    # via qdrant-client
prompt-toolkit==3.0.52
    # via click-repl
protobuf==7.34.0
    # via qdrant-client
pycparser==3.0
    # via cffi
pydantic==2.12.5
    # via
    #   fastapi
    #   langchain-core
    #   langsmith
    #   pydantic-settings
    #   qdrant-client
pydantic-core==2.41.5
    # via pydantic
pydantic-settings==2.13.1
    # via agent-042 (pyproject.toml)
pyjwt==2.11.0
    # via agent-042 (pyproject.toml)
python-dateutil==2.9.0.post0
    # via celery
python-dotenv==1.2.1
    # via
    #   pydantic-settings
    #   uvicorn
pyyaml==6.0.3
    # via
    #   langchain-core
    #   uvicorn
qdrant-client==1.17.0
    # via agent-042 (pyproject.toml)
redis==7.2.1
    # via agent-042 (pyproject.toml)
requests==2.32.5
    # via
    #   langsmith
    #   requests-toolbelt
requests-toolbelt==1.0.0
    # via langsmith
six==1.17.0
    # via python-dateutil
sqlalchemy==2.0.48
    # via agent-042 (pyproject.toml)
starlette==0.52.1
    # via fastapi
tenacity==9.1.4
    # via langchain-core
termcolor==3.3.0
    # via fire
typing-extensions==4.15.0
    # via
    #   anyio
    #   fastapi
    #   grpcio
    #   langchain-core
    #   pydantic
    #   pydantic-core
    #   sqlalchemy
    #   starlette
    #   typing-inspection
typing-inspection==0.4.2
    # via
    #   fastapi
    #   pydantic
    #   pydantic-settings
tzdata==2025.3
    # via kombu
tzlocal==5.3.1
    # via celery
urllib3==2.6.3
    # via
    #   qdrant-client
    #   requests
uuid-utils==0.14.1
    # via
    #   langchain-core
    #   langsmith
uvicorn==0.41.0
    # via agent-042 (pyproject.toml)
uvloop==0.22.1
    # via uvicorn
vine==5.1.0
    # via
    #   amqp
    #   celery
    #   kombu
watchfiles==1.1.1
    # via uvicorn
wcwidth==0.6.0
    # via prompt-toolkit
websockets==16.0
    # via uvicorn
xxhash==3.6.0
    # via langsmith
zstandard==0.25.0
    # via langsmith
