# This file was autogenerated by uv via the following command:
#    uv --no-config pip compile pyproject.toml --extra training --extra rag --extra dev --extra mlflow --python-version 3.12 --python-platform linux -o infra/docker/jupyter/requirements-jupyter.lock
accelerate==1.12.0
    # via peft
aiobotocore==3.2.0
    # via
    #   dvc-s3
    #   s3fs
aiohappyeyeballs==2.6.1
    # via aiohttp
aiohttp==3.13.3
    # via
    #   aiobotocore
    #   aiohttp-retry
    #   fsspec
    #   s3fs
aiohttp-retry==2.9.1
    # via
    #   dvc-http
    #   scmrepo
aioitertools==0.13.0
    # via aiobotocore
aiosignal==1.4.0
    # via aiohttp
alembic==1.18.4
    # via mlflow
amqp==5.3.1
    # via kombu
annotated-doc==0.0.4
    # via
    #   fastapi
    #   typer
annotated-types==0.7.0
    # via pydantic
antlr4-python3-runtime==4.9.3
    # via
    #   hydra-core
    #   omegaconf
anyio==4.12.1
    # via
    #   httpx
    #   starlette
appdirs==1.4.4
    # via
    #   iterative-telemetry
    #   pydrive2
arxiv==2.4.0
    # via agent-042 (pyproject.toml)
asttokens==3.0.1
    # via stack-data
asyncssh==2.22.0
    # via
    #   scmrepo
    #   sshfs
atpublic==7.0.0
    # via flufl-lock
attrs==25.4.0
    # via
    #   aiohttp
    #   dvc
    #   dvc-data
    #   sqltrie
bcrypt==5.0.0
    # via asyncssh
beautifulsoup4==4.14.3
    # via agent-042 (pyproject.toml)
bert-score==0.3.13
    # via agent-042 (pyproject.toml)
billiard==4.2.4
    # via celery
bitsandbytes==0.49.2
    # via agent-042 (pyproject.toml)
blinker==1.9.0
    # via flask
boto3==1.42.55
    # via agent-042 (pyproject.toml)
botocore==1.42.55
    # via
    #   aiobotocore
    #   boto3
    #   dvc-s3
    #   s3transfer
cachetools==7.0.1
    # via
    #   mlflow-skinny
    #   mlflow-tracing
celery==5.6.2
    # via
    #   dvc
    #   dvc-task
certifi==2026.2.25
    # via
    #   httpcore
    #   httpx
    #   requests
cffi==2.0.0
    # via
    #   cryptography
    #   pygit2
cfgv==3.5.0
    # via pre-commit
charset-normalizer==3.4.4
    # via requests
click==8.3.1
    # via
    #   celery
    #   click-didyoumean
    #   click-plugins
    #   click-repl
    #   flask
    #   mlflow-skinny
    #   typer
    #   uvicorn
click-didyoumean==0.3.1
    # via celery
click-plugins==1.1.1.2
    # via celery
click-repl==0.3.0
    # via celery
cloudpickle==3.1.2
    # via mlflow-skinny
colorama==0.4.6
    # via dvc
comm==0.2.3
    # via
    #   ipykernel
    #   ipywidgets
configobj==5.0.9
    # via dvc
contourpy==1.3.3
    # via matplotlib
cryptography==43.0.3
    # via
    #   asyncssh
    #   google-auth
    #   mlflow
    #   pydrive2
    #   pyopenssl
cuda-bindings==12.9.4
    # via torch
cuda-pathfinder==1.4.0
    # via cuda-bindings
cycler==0.12.1
    # via matplotlib
databricks-sdk==0.94.0
    # via
    #   mlflow-skinny
    #   mlflow-tracing
datasets==4.6.1
    # via agent-042 (pyproject.toml)
debugpy==1.8.20
    # via ipykernel
decorator==5.2.1
    # via ipython
dictdiffer==0.9.0
    # via dvc-data
dill==0.4.0
    # via
    #   datasets
    #   multiprocess
diskcache==5.6.3
    # via dvc-data
distlib==0.4.0
    # via virtualenv
distro==1.9.0
    # via
    #   dvc
    #   iterative-telemetry
docker==7.1.0
    # via mlflow
dpath==2.2.0
    # via dvc
dulwich==1.1.0
    # via
    #   dvc
    #   dvc-studio-client
    #   scmrepo
dvc==3.66.1
    # via
    #   agent-042 (pyproject.toml)
    #   dvc-gdrive
    #   dvc-s3
    #   dvc-ssh
dvc-data==3.18.3
    # via dvc
dvc-gdrive==3.0.1
    # via dvc
dvc-http==2.32.0
    # via dvc
dvc-objects==5.2.0
    # via
    #   dvc
    #   dvc-data
dvc-render==1.0.2
    # via dvc
dvc-s3==3.3.0
    # via dvc
dvc-ssh==4.2.2
    # via dvc
dvc-studio-client==0.22.0
    # via dvc
dvc-task==0.40.2
    # via dvc
entrypoints==0.4
    # via gto
executing==2.2.1
    # via stack-data
fastapi==0.134.0
    # via mlflow-skinny
feedparser==6.0.12
    # via arxiv
filelock==3.24.3
    # via
    #   datasets
    #   huggingface-hub
    #   iterative-telemetry
    #   python-discovery
    #   torch
    #   virtualenv
fire==0.7.1
    # via agent-042 (pyproject.toml)
flask==3.1.3
    # via
    #   flask-cors
    #   mlflow
flask-cors==6.0.2
    # via mlflow
flatten-dict==0.4.2
    # via
    #   dvc
    #   dvc-s3
flufl-lock==9.0.0
    # via dvc
fonttools==4.61.1
    # via matplotlib
frozenlist==1.8.0
    # via
    #   aiohttp
    #   aiosignal
fsspec==2026.2.0
    # via
    #   datasets
    #   dvc
    #   dvc-data
    #   dvc-http
    #   dvc-objects
    #   dvc-s3
    #   huggingface-hub
    #   pydrive2
    #   pytorch-lightning
    #   s3fs
    #   scmrepo
    #   sshfs
    #   torch
funcy==2.0
    # via
    #   dvc
    #   dvc-s3
    #   dvc-task
    #   gto
    #   pydrive2
gitdb==4.0.12
    # via gitpython
gitpython==3.1.46
    # via
    #   mlflow-skinny
    #   scmrepo
google-api-core==2.30.0
    # via google-api-python-client
google-api-python-client==2.190.0
    # via pydrive2
google-auth==2.48.0
    # via
    #   databricks-sdk
    #   google-api-core
    #   google-api-python-client
    #   google-auth-httplib2
google-auth-httplib2==0.3.0
    # via google-api-python-client
googleapis-common-protos==1.72.0
    # via google-api-core
grandalf==0.8
    # via dvc
graphene==3.4.3
    # via mlflow
graphql-core==3.2.7
    # via
    #   graphene
    #   graphql-relay
graphql-relay==3.2.0
    # via graphene
greenlet==3.3.2
    # via sqlalchemy
grpcio==1.78.0
    # via qdrant-client
gto==1.9.0
    # via dvc
gunicorn==25.1.0
    # via mlflow
h11==0.16.0
    # via
    #   httpcore
    #   uvicorn
h2==4.3.0
    # via httpx
hf-xet==1.3.2
    # via
    #   agent-042 (pyproject.toml)
    #   huggingface-hub
hpack==4.1.0
    # via h2
httpcore==1.0.9
    # via httpx
httplib2==0.31.2
    # via
    #   google-api-python-client
    #   google-auth-httplib2
    #   oauth2client
httpx==0.28.1
    # via
    #   datasets
    #   huggingface-hub
    #   langsmith
    #   qdrant-client
huey==2.6.0
    # via mlflow
huggingface-hub==1.5.0
    # via
    #   accelerate
    #   datasets
    #   peft
    #   sentence-transformers
    #   tokenizers
    #   transformers
hydra-core==1.3.2
    # via
    #   agent-042 (pyproject.toml)
    #   dvc
hyperframe==6.1.0
    # via h2
identify==2.6.16
    # via pre-commit
idna==3.11
    # via
    #   anyio
    #   httpx
    #   requests
    #   yarl
importlib-metadata==8.7.1
    # via
    #   mlflow-skinny
    #   opentelemetry-api
iniconfig==2.3.0
    # via pytest
ipykernel==7.2.0
    # via agent-042 (pyproject.toml)
ipython==9.10.0
    # via
    #   ipykernel
    #   ipywidgets
ipython-pygments-lexers==1.1.1
    # via ipython
ipywidgets==8.1.8
    # via agent-042 (pyproject.toml)
iterative-telemetry==0.0.10
    # via dvc
itsdangerous==2.2.0
    # via flask
jedi==0.19.2
    # via ipython
jinja2==3.1.6
    # via
    #   flask
    #   torch
jmespath==1.1.0
    # via
    #   aiobotocore
    #   boto3
    #   botocore
joblib==1.5.3
    # via scikit-learn
jsonpatch==1.33
    # via langchain-core
jsonpointer==3.0.0
    # via jsonpatch
jupyter-client==8.8.0
    # via ipykernel
jupyter-core==5.9.1
    # via
    #   ipykernel
    #   jupyter-client
jupyterlab-widgets==3.0.16
    # via ipywidgets
kiwisolver==1.4.9
    # via matplotlib
kombu==5.6.2
    # via
    #   celery
    #   dvc
    #   dvc-task
langchain-core==1.2.16
    # via langchain-text-splitters
langchain-text-splitters==1.1.1
    # via agent-042 (pyproject.toml)
langsmith==0.7.9
    # via langchain-core
lightning-utilities==0.15.3
    # via
    #   pytorch-lightning
    #   torchmetrics
lxml==6.0.2
    # via agent-042 (pyproject.toml)
mako==1.3.10
    # via alembic
markdown-it-py==4.0.0
    # via rich
markupsafe==3.0.3
    # via
    #   flask
    #   jinja2
    #   mako
    #   werkzeug
matplotlib==3.10.8
    # via
    #   bert-score
    #   mlflow
matplotlib-inline==0.2.1
    # via
    #   ipykernel
    #   ipython
mdurl==0.1.2
    # via markdown-it-py
mlflow==3.10.0
    # via agent-042 (pyproject.toml)
mlflow-skinny==3.10.0
    # via mlflow
mlflow-tracing==3.10.0
    # via mlflow
mpmath==1.3.0
    # via sympy
multidict==6.7.1
    # via
    #   aiobotocore
    #   aiohttp
    #   yarl
multiprocess==0.70.18
    # via datasets
nest-asyncio==1.6.0
    # via ipykernel
networkx==3.6.1
    # via
    #   dvc
    #   torch
ninja==1.13.0
    # via agent-042 (pyproject.toml)
nodeenv==1.10.0
    # via pre-commit
numpy==2.4.2
    # via
    #   agent-042 (pyproject.toml)
    #   accelerate
    #   bert-score
    #   bitsandbytes
    #   contourpy
    #   datasets
    #   matplotlib
    #   mlflow
    #   pandas
    #   peft
    #   qdrant-client
    #   scikit-learn
    #   scipy
    #   sentence-transformers
    #   skops
    #   torchmetrics
    #   transformers
nvidia-cublas-cu12==12.8.4.1
    # via
    #   nvidia-cudnn-cu12
    #   nvidia-cusolver-cu12
    #   torch
nvidia-cuda-cupti-cu12==12.8.90
    # via torch
nvidia-cuda-nvrtc-cu12==12.8.93
    # via torch
nvidia-cuda-runtime-cu12==12.8.90
    # via torch
nvidia-cudnn-cu12==9.10.2.21
    # via torch
nvidia-cufft-cu12==11.3.3.83
    # via torch
nvidia-cufile-cu12==1.13.1.3
    # via torch
nvidia-curand-cu12==10.3.9.90
    # via torch
nvidia-cusolver-cu12==11.7.3.90
    # via torch
nvidia-cusparse-cu12==12.5.8.93
    # via
    #   nvidia-cusolver-cu12
    #   torch
nvidia-cusparselt-cu12==0.7.1
    # via torch
nvidia-nccl-cu12==2.27.5
    # via torch
nvidia-nvjitlink-cu12==12.8.93
    # via
    #   nvidia-cufft-cu12
    #   nvidia-cusolver-cu12
    #   nvidia-cusparse-cu12
    #   torch
nvidia-nvshmem-cu12==3.4.5
    # via torch
nvidia-nvtx-cu12==12.8.90
    # via torch
oauth2client==4.1.3
    # via pydrive2
omegaconf==2.3.0
    # via
    #   agent-042 (pyproject.toml)
    #   dvc
    #   hydra-core
opentelemetry-api==1.39.1
    # via
    #   mlflow-skinny
    #   mlflow-tracing
    #   opentelemetry-sdk
    #   opentelemetry-semantic-conventions
opentelemetry-proto==1.39.1
    # via
    #   mlflow-skinny
    #   mlflow-tracing
opentelemetry-sdk==1.39.1
    # via
    #   mlflow-skinny
    #   mlflow-tracing
opentelemetry-semantic-conventions==0.60b1
    # via opentelemetry-sdk
orjson==3.11.7
    # via
    #   dvc-data
    #   langsmith
    #   sqltrie
packaging==26.0
    # via
    #   accelerate
    #   bert-score
    #   bitsandbytes
    #   datasets
    #   dvc
    #   gunicorn
    #   huggingface-hub
    #   hydra-core
    #   ipykernel
    #   kombu
    #   langchain-core
    #   langsmith
    #   lightning-utilities
    #   matplotlib
    #   mlflow-skinny
    #   mlflow-tracing
    #   peft
    #   pytest
    #   pytorch-lightning
    #   skops
    #   torchmetrics
    #   transformers
pandas==2.3.3
    # via
    #   agent-042 (pyproject.toml)
    #   bert-score
    #   datasets
    #   mlflow
parso==0.8.6
    # via jedi
pathspec==0.12.1
    # via
    #   dvc
    #   scmrepo
peft==0.18.1
    # via agent-042 (pyproject.toml)
pexpect==4.9.0
    # via ipython
pillow==12.1.1
    # via matplotlib
platformdirs==4.9.2
    # via
    #   dvc
    #   jupyter-core
    #   python-discovery
    #   virtualenv
pluggy==1.6.0
    # via pytest
portalocker==3.2.0
    # via qdrant-client
pre-commit==4.5.1
    # via agent-042 (pyproject.toml)
prettytable==3.17.0
    # via skops
prompt-toolkit==3.0.52
    # via
    #   click-repl
    #   ipython
propcache==0.4.1
    # via
    #   aiohttp
    #   yarl
proto-plus==1.27.1
    # via google-api-core
protobuf==6.33.5
    # via
    #   databricks-sdk
    #   google-api-core
    #   googleapis-common-protos
    #   mlflow-skinny
    #   mlflow-tracing
    #   opentelemetry-proto
    #   proto-plus
    #   qdrant-client
psutil==7.2.2
    # via
    #   accelerate
    #   dvc
    #   flufl-lock
    #   ipykernel
    #   peft
psycopg2-binary==2.9.11
    # via agent-042 (pyproject.toml)
ptyprocess==0.7.0
    # via pexpect
pure-eval==0.2.3
    # via stack-data
pyarrow==23.0.1
    # via
    #   datasets
    #   mlflow
pyasn1==0.6.2
    # via
    #   oauth2client
    #   pyasn1-modules
    #   rsa
pyasn1-modules==0.4.2
    # via
    #   google-auth
    #   oauth2client
pycparser==3.0
    # via cffi
pydantic==2.12.5
    # via
    #   agent-042 (pyproject.toml)
    #   fastapi
    #   gto
    #   langchain-core
    #   langsmith
    #   mlflow-skinny
    #   mlflow-tracing
    #   pydantic-settings
    #   qdrant-client
pydantic-core==2.41.5
    # via pydantic
pydantic-settings==2.13.1
    # via
    #   agent-042 (pyproject.toml)
    #   gto
pydot==4.0.1
    # via dvc
pydrive2==1.21.3
    # via dvc-gdrive
pygit2==1.19.1
    # via scmrepo
pygments==2.19.2
    # via
    #   ipython
    #   ipython-pygments-lexers
    #   pytest
    #   rich
pygtrie==2.5.0
    # via
    #   dvc
    #   dvc-data
    #   scmrepo
    #   sqltrie
pyopenssl==24.2.1
    # via pydrive2
pyparsing==3.3.2
    # via
    #   dvc
    #   grandalf
    #   httplib2
    #   matplotlib
    #   pydot
pypdf==6.7.4
    # via agent-042 (pyproject.toml)
pytest==9.0.2
    # via agent-042 (pyproject.toml)
python-dateutil==2.9.0.post0
    # via
    #   aiobotocore
    #   botocore
    #   celery
    #   graphene
    #   jupyter-client
    #   matplotlib
    #   pandas
python-discovery==1.1.0
    # via virtualenv
python-dotenv==1.2.1
    # via
    #   agent-042 (pyproject.toml)
    #   mlflow-skinny
    #   pydantic-settings
pytorch-lightning==2.6.1
    # via agent-042 (pyproject.toml)
pytz==2025.2
    # via pandas
pyyaml==6.0.3
    # via
    #   accelerate
    #   datasets
    #   huggingface-hub
    #   langchain-core
    #   mlflow-skinny
    #   omegaconf
    #   peft
    #   pre-commit
    #   pydrive2
    #   pytorch-lightning
    #   transformers
pyzmq==27.1.0
    # via
    #   ipykernel
    #   jupyter-client
qdrant-client==1.17.0
    # via agent-042 (pyproject.toml)
regex==2026.2.28
    # via transformers
requests==2.32.5
    # via
    #   agent-042 (pyproject.toml)
    #   arxiv
    #   bert-score
    #   databricks-sdk
    #   datasets
    #   docker
    #   dvc
    #   dvc-studio-client
    #   google-api-core
    #   iterative-telemetry
    #   langsmith
    #   mlflow-skinny
    #   requests-toolbelt
requests-toolbelt==1.0.0
    # via langsmith
rich==14.3.3
    # via
    #   dvc
    #   gto
    #   typer
rsa==4.9.1
    # via
    #   google-auth
    #   oauth2client
ruamel-yaml==0.19.1
    # via
    #   dvc
    #   gto
ruff==0.15.4
    # via agent-042 (pyproject.toml)
s3fs==2026.2.0
    # via dvc-s3
s3transfer==0.16.0
    # via boto3
safetensors==0.7.0
    # via
    #   accelerate
    #   peft
    #   transformers
scikit-learn==1.8.0
    # via
    #   mlflow
    #   sentence-transformers
    #   skops
scipy==1.17.1
    # via
    #   mlflow
    #   scikit-learn
    #   sentence-transformers
    #   skops
scmrepo==3.6.1
    # via
    #   dvc
    #   gto
semver==3.0.4
    # via gto
sentence-transformers==5.2.3
    # via agent-042 (pyproject.toml)
setuptools==82.0.0
    # via
    #   torch
    #   zc-lockfile
sgmllib3k==1.0.0
    # via feedparser
shellingham==1.5.4
    # via typer
shortuuid==1.0.13
    # via
    #   dvc
    #   dvc-task
shtab==1.8.0
    # via dvc
six==1.17.0
    # via
    #   flatten-dict
    #   oauth2client
    #   python-dateutil
skops==0.13.0
    # via mlflow
smmap==5.0.2
    # via gitdb
soupsieve==2.8.3
    # via beautifulsoup4
sqlalchemy==2.0.47
    # via
    #   alembic
    #   mlflow
sqlparse==0.5.5
    # via mlflow-skinny
sqltrie==0.11.2
    # via dvc-data
sshfs==2025.11.0
    # via dvc-ssh
stack-data==0.6.3
    # via ipython
starlette==0.52.1
    # via fastapi
sympy==1.14.0
    # via torch
tabulate==0.9.0
    # via
    #   dvc
    #   gto
tenacity==9.1.4
    # via langchain-core
termcolor==3.3.0
    # via fire
threadpoolctl==3.6.0
    # via scikit-learn
tokenizers==0.22.2
    # via transformers
tomlkit==0.14.0
    # via dvc
torch==2.10.0
    # via
    #   agent-042 (pyproject.toml)
    #   accelerate
    #   bert-score
    #   bitsandbytes
    #   peft
    #   pytorch-lightning
    #   sentence-transformers
    #   torchmetrics
torchmetrics==1.8.2
    # via pytorch-lightning
tornado==6.5.4
    # via
    #   ipykernel
    #   jupyter-client
tqdm==4.67.3
    # via
    #   bert-score
    #   datasets
    #   dvc
    #   dvc-data
    #   fsspec
    #   huggingface-hub
    #   peft
    #   pydrive2
    #   pytorch-lightning
    #   scmrepo
    #   sentence-transformers
    #   transformers
traitlets==5.14.3
    # via
    #   ipykernel
    #   ipython
    #   ipywidgets
    #   jupyter-client
    #   jupyter-core
    #   matplotlib-inline
transformers==5.2.0
    # via
    #   agent-042 (pyproject.toml)
    #   bert-score
    #   peft
    #   sentence-transformers
triton==3.6.0
    # via torch
typer==0.24.1
    # via
    #   gto
    #   huggingface-hub
    #   typer-slim
typer-slim==0.24.0
    # via transformers
typing-extensions==4.15.0
    # via
    #   aiosignal
    #   alembic
    #   anyio
    #   asyncssh
    #   beautifulsoup4
    #   fastapi
    #   graphene
    #   grpcio
    #   huggingface-hub
    #   langchain-core
    #   lightning-utilities
    #   mlflow-skinny
    #   opentelemetry-api
    #   opentelemetry-sdk
    #   opentelemetry-semantic-conventions
    #   pydantic
    #   pydantic-core
    #   pytorch-lightning
    #   sentence-transformers
    #   sqlalchemy
    #   starlette
    #   torch
    #   typing-inspection
typing-inspection==0.4.2
    # via
    #   fastapi
    #   pydantic
    #   pydantic-settings
tzdata==2025.3
    # via
    #   kombu
    #   pandas
tzlocal==5.3.1
    # via celery
uritemplate==4.2.0
    # via google-api-python-client
urllib3==2.6.3
    # via
    #   botocore
    #   docker
    #   dulwich
    #   qdrant-client
    #   requests
uuid-utils==0.14.1
    # via
    #   langchain-core
    #   langsmith
uvicorn==0.41.0
    # via mlflow-skinny
vine==5.1.0
    # via
    #   amqp
    #   celery
    #   kombu
virtualenv==21.1.0
    # via pre-commit
voluptuous==0.16.0
    # via
    #   dvc
    #   dvc-studio-client
wcwidth==0.6.0
    # via
    #   prettytable
    #   prompt-toolkit
werkzeug==3.1.6
    # via
    #   flask
    #   flask-cors
widgetsnbextension==4.0.15
    # via ipywidgets
wrapt==2.1.1
    # via aiobotocore
xxhash==3.6.0
    # via
    #   datasets
    #   langsmith
yarl==1.22.0
    # via aiohttp
zc-lockfile==4.0
    # via dvc
zipp==3.23.0
    # via importlib-metadata
zstandard==0.25.0
    # via langsmith
