# This file was autogenerated by uv via the following command:
#    uv --no-config pip compile pyproject.toml --extra airflow-worker --python-version 3.12 --python-platform linux --constraint infra/docker/airflow/airflow-core-constraints.txt --index-strategy unsafe-best-match -o infra/docker/airflow-worker/requirements-airflow-worker.lock
absl-py==2.4.0
    # via rouge-score
aiobotocore==3.3.0
    # via
    #   dvc-s3
    #   s3fs
aiohappyeyeballs==2.6.1
    # via aiohttp
aiohttp==3.13.3
    # via
    #   aiobotocore
    #   aiohttp-retry
    #   fsspec
    #   llama-index-core
    #   s3fs
aiohttp-retry==2.9.1
    # via
    #   dvc-http
    #   scmrepo
aioitertools==0.13.0
    # via aiobotocore
aiosignal==1.4.0
    # via aiohttp
aiosqlite==0.22.1
    # via llama-index-core
amqp==5.3.1
    # via kombu
annotated-doc==0.0.4
    # via typer
annotated-types==0.7.0
    # via pydantic
antlr4-python3-runtime==4.9.3
    # via
    #   hydra-core
    #   omegaconf
anyio==4.12.1
    # via
    #   httpx
    #   openai
    #   starlette
appdirs==1.4.4
    # via iterative-telemetry
arxiv==2.4.1
    # via
    #   agent-042 (pyproject.toml)
    #   llama-index-readers-papers
asyncssh==2.22.0
    # via scmrepo
atpublic==7.0.0
    # via flufl-lock
attrs==26.1.0
    # via
    #   aiohttp
    #   dvc
    #   dvc-data
    #   sqltrie
banks==2.4.2
    # via llama-index-core
beautifulsoup4==4.14.3
    # via
    #   agent-042 (pyproject.toml)
    #   llama-index-readers-file
bert-score==0.3.13
    # via agent-042 (pyproject.toml)
billiard==4.2.4
    # via celery
botocore==1.42.70
    # via
    #   aiobotocore
    #   dvc-s3
cachetools==7.0.5
    # via mlflow-skinny
celery==5.6.2
    # via
    #   dvc
    #   dvc-task
certifi==2026.2.25
    # via
    #   httpcore
    #   httpx
    #   requests
cffi==2.0.0
    # via
    #   cryptography
    #   pygit2
charset-normalizer==3.4.6
    # via requests
click==8.3.1
    # via
    #   celery
    #   click-didyoumean
    #   click-plugins
    #   click-repl
    #   mlflow-skinny
    #   nltk
    #   typer
    #   uvicorn
click-didyoumean==0.3.1
    # via celery
click-plugins==1.1.1.2
    # via celery
click-repl==0.3.0
    # via celery
cloudpickle==3.1.2
    # via mlflow-skinny
colorama==0.4.6
    # via
    #   dvc
    #   griffecli
configobj==5.0.9
    # via dvc
contourpy==1.3.3
    # via matplotlib
cryptography==46.0.5
    # via
    #   -c infra/docker/airflow/airflow-core-constraints.txt
    #   asyncssh
    #   google-auth
cycler==0.12.1
    # via matplotlib
databricks-sdk==0.102.0
    # via mlflow-skinny
dataclasses-json==0.6.7
    # via llama-index-core
datasets==4.8.4
    # via agent-042 (pyproject.toml)
defusedxml==0.7.1
    # via
    #   llama-index-readers-file
    #   llama-index-readers-papers
deprecated==1.3.1
    # via
    #   banks
    #   llama-index-core
    #   llama-index-instrumentation
    #   opentelemetry-api
    #   opentelemetry-semantic-conventions
dictdiffer==0.9.0
    # via dvc-data
dill==0.4.1
    # via
    #   datasets
    #   multiprocess
dirtyjson==1.0.8
    # via llama-index-core
diskcache==5.6.3
    # via dvc-data
distro==1.9.0
    # via
    #   dvc
    #   iterative-telemetry
    #   openai
dpath==2.2.0
    # via dvc
dulwich==1.1.0
    # via
    #   dvc
    #   dvc-studio-client
    #   scmrepo
dvc==3.67.0
    # via
    #   agent-042 (pyproject.toml)
    #   dvc-s3
dvc-data==3.18.3
    # via dvc
dvc-http==2.32.0
    # via dvc
dvc-objects==5.2.0
    # via
    #   dvc
    #   dvc-data
dvc-render==1.0.2
    # via dvc
dvc-s3==3.3.0
    # via dvc
dvc-studio-client==0.22.0
    # via dvc
dvc-task==0.40.2
    # via dvc
entrypoints==0.4
    # via gto
fastapi==0.117.1
    # via
    #   -c infra/docker/airflow/airflow-core-constraints.txt
    #   mlflow-skinny
feedparser==6.0.12
    # via arxiv
filelock==3.25.2
    # via
    #   datasets
    #   huggingface-hub
    #   iterative-telemetry
    #   torch
filetype==1.2.0
    # via
    #   banks
    #   llama-index-core
fire==0.7.1
    # via agent-042 (pyproject.toml)
flatten-dict==0.4.2
    # via
    #   dvc
    #   dvc-s3
flufl-lock==9.0.0
    # via dvc
fonttools==4.62.1
    # via matplotlib
frozenlist==1.8.0
    # via
    #   aiohttp
    #   aiosignal
fsspec==2026.2.0
    # via
    #   datasets
    #   dvc
    #   dvc-data
    #   dvc-http
    #   dvc-objects
    #   dvc-s3
    #   huggingface-hub
    #   llama-index-core
    #   s3fs
    #   scmrepo
    #   torch
funcy==2.0
    # via
    #   dvc
    #   dvc-s3
    #   dvc-task
    #   gto
gitdb==4.0.12
    # via gitpython
gitpython==3.1.46
    # via
    #   mlflow-skinny
    #   scmrepo
google-auth==2.49.1
    # via databricks-sdk
grandalf==0.8
    # via dvc
greenlet==3.5.1
    # via sqlalchemy
griffe==2.0.2
    # via banks
griffecli==2.0.2
    # via griffe
griffelib==2.0.2
    # via
    #   griffe
    #   griffecli
grpcio==1.65.5
    # via
    #   -c infra/docker/airflow/airflow-core-constraints.txt
    #   llama-index-vector-stores-qdrant
    #   qdrant-client
gto==1.9.0
    # via dvc
h11==0.16.0
    # via
    #   httpcore
    #   uvicorn
h2==4.3.0
    # via httpx
hf-xet==1.4.2
    # via huggingface-hub
hpack==4.1.0
    # via h2
httpcore==1.0.9
    # via httpx
httpx==0.28.1
    # via
    #   agent-042 (pyproject.toml)
    #   datasets
    #   huggingface-hub
    #   langsmith
    #   llama-index-core
    #   openai
    #   qdrant-client
huggingface-hub==1.7.2
    # via
    #   datasets
    #   tokenizers
    #   transformers
hydra-core==1.3.2
    # via dvc
hyperframe==6.1.0
    # via h2
idna==3.11
    # via
    #   anyio
    #   httpx
    #   requests
    #   yarl
importlib-metadata==8.5.0
    # via
    #   mlflow-skinny
    #   opentelemetry-api
iterative-telemetry==0.0.10
    # via dvc
jinja2==3.1.6
    # via
    #   banks
    #   torch
jiter==0.15.0
    # via openai
jmespath==1.1.0
    # via
    #   aiobotocore
    #   botocore
joblib==1.5.3
    # via nltk
jsonpatch==1.33
    # via langchain-core
jsonpointer==3.1.1
    # via jsonpatch
kiwisolver==1.5.0
    # via matplotlib
kombu==5.6.2
    # via
    #   celery
    #   dvc
    #   dvc-task
langchain-core==1.2.21
    # via langchain-text-splitters
langchain-text-splitters==1.1.1
    # via agent-042 (pyproject.toml)
langsmith==0.7.22
    # via langchain-core
llama-index-core==0.14.22
    # via
    #   agent-042 (pyproject.toml)
    #   llama-index-llms-openai
    #   llama-index-llms-openai-like
    #   llama-index-readers-file
    #   llama-index-readers-papers
    #   llama-index-vector-stores-qdrant
llama-index-instrumentation==0.5.0
    # via llama-index-workflows
llama-index-llms-openai==0.7.9
    # via
    #   agent-042 (pyproject.toml)
    #   llama-index-llms-openai-like
llama-index-llms-openai-like==0.7.2
    # via agent-042 (pyproject.toml)
llama-index-readers-file==0.6.0
    # via agent-042 (pyproject.toml)
llama-index-readers-papers==0.5.0
    # via agent-042 (pyproject.toml)
llama-index-vector-stores-qdrant==0.10.1
    # via agent-042 (pyproject.toml)
llama-index-workflows==2.20.0
    # via llama-index-core
lxml==6.0.2
    # via agent-042 (pyproject.toml)
markdown-it-py==4.0.0
    # via rich
markupsafe==3.0.2
    # via jinja2
marshmallow==3.26.2
    # via dataclasses-json
matplotlib==3.10.8
    # via bert-score
mdurl==0.1.2
    # via markdown-it-py
mlflow-skinny==3.10.1
    # via agent-042 (pyproject.toml)
mpmath==1.3.0
    # via sympy
multidict==6.7.1
    # via
    #   aiobotocore
    #   aiohttp
    #   yarl
multiprocess==0.70.19
    # via datasets
mypy-extensions==1.1.0
    # via typing-inspect
nest-asyncio==1.6.0
    # via llama-index-core
networkx==3.6.1
    # via
    #   dvc
    #   llama-index-core
    #   torch
nltk==3.9.4
    # via
    #   llama-index-core
    #   rouge-score
numpy==2.4.3
    # via
    #   agent-042 (pyproject.toml)
    #   bert-score
    #   contourpy
    #   datasets
    #   llama-index-core
    #   matplotlib
    #   pandas
    #   qdrant-client
    #   rouge-score
    #   transformers
omegaconf==2.3.0
    # via
    #   dvc
    #   hydra-core
openai==2.43.0
    # via llama-index-llms-openai
opentelemetry-api==1.28.0
    # via
    #   -c infra/docker/airflow/airflow-core-constraints.txt
    #   mlflow-skinny
    #   opentelemetry-sdk
    #   opentelemetry-semantic-conventions
opentelemetry-proto==1.28.0
    # via
    #   -c infra/docker/airflow/airflow-core-constraints.txt
    #   mlflow-skinny
opentelemetry-sdk==1.28.0
    # via
    #   -c infra/docker/airflow/airflow-core-constraints.txt
    #   mlflow-skinny
opentelemetry-semantic-conventions==0.49b0
    # via
    #   -c infra/docker/airflow/airflow-core-constraints.txt
    #   opentelemetry-sdk
orjson==3.11.7
    # via
    #   dvc-data
    #   langsmith
    #   sqltrie
packaging==26.0
    # via
    #   bert-score
    #   datasets
    #   dvc
    #   huggingface-hub
    #   hydra-core
    #   kombu
    #   langchain-core
    #   langsmith
    #   marshmallow
    #   matplotlib
    #   mlflow-skinny
    #   transformers
pandas==2.3.3
    # via
    #   bert-score
    #   datasets
    #   llama-index-readers-file
pathspec==1.0.4
    # via
    #   dvc
    #   scmrepo
pillow==12.1.1
    # via
    #   llama-index-core
    #   matplotlib
platformdirs==4.9.4
    # via
    #   banks
    #   dvc
    #   llama-index-core
portalocker==3.2.0
    # via qdrant-client
prompt-toolkit==3.0.52
    # via click-repl
propcache==0.4.1
    # via
    #   aiohttp
    #   yarl
protobuf==5.29.6
    # via
    #   -c infra/docker/airflow/airflow-core-constraints.txt
    #   databricks-sdk
    #   mlflow-skinny
    #   opentelemetry-proto
    #   qdrant-client
psutil==7.2.2
    # via
    #   dvc
    #   flufl-lock
psycopg2-binary==2.9.11
    # via agent-042 (pyproject.toml)
pyarrow==23.0.1
    # via datasets
pyasn1==0.6.3
    # via pyasn1-modules
pyasn1-modules==0.4.2
    # via google-auth
pycparser==3.0
    # via cffi
pydantic==2.12.5
    # via
    #   agent-042 (pyproject.toml)
    #   banks
    #   fastapi
    #   gto
    #   langchain-core
    #   langsmith
    #   llama-index-core
    #   llama-index-instrumentation
    #   llama-index-workflows
    #   mlflow-skinny
    #   openai
    #   pydantic-settings
    #   qdrant-client
pydantic-core==2.41.5
    # via pydantic
pydantic-settings==2.13.1
    # via
    #   agent-042 (pyproject.toml)
    #   gto
pydot==4.0.1
    # via dvc
pygit2==1.19.1
    # via scmrepo
pygments==2.19.2
    # via rich
pygtrie==2.5.0
    # via
    #   dvc
    #   dvc-data
    #   scmrepo
    #   sqltrie
pyparsing==3.3.2
    # via
    #   dvc
    #   grandalf
    #   matplotlib
    #   pydot
pypdf==6.9.2
    # via
    #   agent-042 (pyproject.toml)
    #   llama-index-readers-file
python-dateutil==2.9.0.post0
    # via
    #   aiobotocore
    #   botocore
    #   celery
    #   matplotlib
    #   pandas
python-dotenv==1.2.2
    # via
    #   agent-042 (pyproject.toml)
    #   mlflow-skinny
    #   pydantic-settings
pytz==2026.2
    # via pandas
pyyaml==6.0.3
    # via
    #   datasets
    #   huggingface-hub
    #   langchain-core
    #   llama-index-core
    #   mlflow-skinny
    #   omegaconf
    #   transformers
qdrant-client==1.17.1
    # via
    #   agent-042 (pyproject.toml)
    #   llama-index-vector-stores-qdrant
regex==2026.2.28
    # via
    #   nltk
    #   tiktoken
    #   transformers
requests==2.32.5
    # via
    #   agent-042 (pyproject.toml)
    #   arxiv
    #   bert-score
    #   databricks-sdk
    #   datasets
    #   dvc
    #   dvc-studio-client
    #   iterative-telemetry
    #   langsmith
    #   llama-index-core
    #   mlflow-skinny
    #   requests-toolbelt
    #   tiktoken
requests-toolbelt==1.0.0
    # via langsmith
rich==14.3.3
    # via
    #   dvc
    #   gto
    #   typer
rouge-score==0.1.2
    # via agent-042 (pyproject.toml)
ruamel-yaml==0.19.1
    # via
    #   dvc
    #   gto
s3fs==2026.2.0
    # via dvc-s3
safetensors==0.7.0
    # via transformers
scmrepo==3.6.1
    # via
    #   dvc
    #   gto
semver==3.0.4
    # via gto
sentencepiece==0.2.0
    # via agent-042 (pyproject.toml)
setuptools==81.0.0
    # via
    #   llama-index-core
    #   torch
    #   zc-lockfile
sgmllib3k==1.0.0
    # via feedparser
shellingham==1.5.4
    # via typer
shortuuid==1.0.13
    # via
    #   dvc
    #   dvc-task
shtab==1.8.0
    # via dvc
six==1.17.0
    # via
    #   flatten-dict
    #   python-dateutil
    #   rouge-score
smmap==5.0.3
    # via gitdb
sniffio==1.3.1
    # via openai
soupsieve==2.8.3
    # via beautifulsoup4
sqlalchemy==2.0.50
    # via llama-index-core
sqlparse==0.5.5
    # via mlflow-skinny
sqltrie==0.11.2
    # via dvc-data
starlette==0.48.0
    # via
    #   -c infra/docker/airflow/airflow-core-constraints.txt
    #   fastapi
striprtf==0.0.26
    # via llama-index-readers-file
sympy==1.14.0
    # via torch
tabulate==0.10.0
    # via
    #   dvc
    #   gto
tenacity==9.1.4
    # via
    #   langchain-core
    #   llama-index-core
termcolor==3.3.0
    # via fire
tiktoken==0.13.0
    # via llama-index-core
tinytag==2.2.1
    # via llama-index-core
tokenizers==0.22.2
    # via transformers
tomlkit==0.14.0
    # via dvc
torch==2.11.0+cpu
    # via bert-score
tqdm==4.67.3
    # via
    #   bert-score
    #   datasets
    #   dvc
    #   dvc-data
    #   fsspec
    #   huggingface-hub
    #   llama-index-core
    #   nltk
    #   openai
    #   scmrepo
    #   transformers
transformers==5.3.0
    # via bert-score
typer==0.24.1
    # via
    #   agent-042 (pyproject.toml)
    #   gto
    #   huggingface-hub
    #   transformers
typing-extensions==4.15.0
    # via
    #   aiosignal
    #   anyio
    #   asyncssh
    #   beautifulsoup4
    #   fastapi
    #   huggingface-hub
    #   langchain-core
    #   llama-index-core
    #   llama-index-workflows
    #   mlflow-skinny
    #   openai
    #   opentelemetry-sdk
    #   pydantic
    #   pydantic-core
    #   sqlalchemy
    #   starlette
    #   torch
    #   typing-inspect
    #   typing-inspection
typing-inspect==0.9.0
    # via
    #   dataclasses-json
    #   llama-index-core
typing-inspection==0.4.2
    # via
    #   pydantic
    #   pydantic-settings
tzdata==2025.3
    # via
    #   kombu
    #   pandas
tzlocal==5.3.1
    # via celery
urllib3==2.6.3
    # via
    #   botocore
    #   dulwich
    #   qdrant-client
    #   requests
uuid-utils==0.14.1
    # via
    #   langchain-core
    #   langsmith
uvicorn==0.42.0
    # via mlflow-skinny
vine==5.1.0
    # via
    #   amqp
    #   celery
    #   kombu
voluptuous==0.16.0
    # via
    #   dvc
    #   dvc-studio-client
wcwidth==0.6.0
    # via prompt-toolkit
wrapt==2.1.2
    # via
    #   aiobotocore
    #   deprecated
    #   llama-index-core
xxhash==3.6.0
    # via
    #   datasets
    #   langsmith
yarl==1.23.0
    # via aiohttp
zc-lockfile==4.0
    # via dvc
zipp==3.23.0
    # via importlib-metadata
zstandard==0.25.0
    # via langsmith
